// !$*UTF8*$!
{
	archiveVersion = 1;
	classes = {
	};
	objectVersion = 46;
	objects = {

/* Begin PBXBuildFile section */
		9B91BCAF1CBB3EF000D3EFA5 /* main.m in Sources */ = {isa = PBXBuildFile; fileRef = 9B91BCAE1CBB3EF000D3EFA5 /* main.m */; };
		9B91BCB21CBB3EF000D3EFA5 /* AppDelegate.m in Sources */ = {isa = PBXBuildFile; fileRef = 9B91BCB11CBB3EF000D3EFA5 /* AppDelegate.m */; };
		9B91BCB51CBB3EF000D3EFA5 /* ViewController.m in Sources */ = {isa = PBXBuildFile; fileRef = 9B91BCB41CBB3EF000D3EFA5 /* ViewController.m */; };
		9B91BCB81CBB3EF000D3EFA5 /* Main.storyboard in Resources */ = {isa = PBXBuildFile; fileRef = 9B91BCB61CBB3EF000D3EFA5 /* Main.storyboard */; };
		9B91BCBA1CBB3EF000D3EFA5 /* Assets.xcassets in Resources */ = {isa = PBXBuildFile; fileRef = 9B91BCB91CBB3EF000D3EFA5 /* Assets.xcassets */; };
		9B91BCBD1CBB3EF000D3EFA5 /* LaunchScreen.storyboard in Resources */ = {isa = PBXBuildFile; fileRef = 9B91BCBB1CBB3EF000D3EFA5 /* LaunchScreen.storyboard */; };
		9B91BCC81CBB3EF100D3EFA5 /* MessageForwardingTests.m in Sources */ = {isa = PBXBuildFile; fileRef = 9B91BCC71CBB3EF100D3EFA5 /* MessageForwardingTests.m */; };
		9B91BCD41CBB3EFF00D3EFA5 /* People.m in Sources */ = {isa = PBXBuildFile; fileRef = 9B91BCD31CBB3EFF00D3EFA5 /* People.m */; };
		9B91BCDA1CBB405200D3EFA5 /* Child.m in Sources */ = {isa = PBXBuildFile; fileRef = 9B91BCD91CBB405200D3EFA5 /* Child.m */; };
		9B91BCDD1CBB457000D3EFA5 /* Parent.m in Sources */ = {isa = PBXBuildFile; fileRef = 9B91BCDC1CBB457000D3EFA5 /* Parent.m */; };
/* End PBXBuildFile section */

/* Begin PBXContainerItemProxy section */
		9B91BCC41CBB3EF000D3EFA5 /* PBXContainerItemProxy */ = {
			isa = PBXContainerItemProxy;
			containerPortal = 9B91BCA21CBB3EF000D3EFA5 /* Project object */;
			proxyType = 1;
			remoteGlobalIDString = 9B91BCA91CBB3EF000D3EFA5;
			remoteInfo = MessageForwarding;
		};
/* End PBXContainerItemProxy section */

/* Begin PBXFileReference section */
		9B91BCAA1CBB3EF000D3EFA5 /* MessageForwarding.app */ = {isa = PBXFileReference; explicitFileType = wrapper.application; includeInIndex = 0; path = MessageForwarding.app; sourceTree = BUILT_PRODUCTS_DIR; };
		9B91BCAE1CBB3EF000D3EFA5 /* main.m */ = {isa = PBXFileReference; lastKnownFileType = sourcecode.c.objc; path = main.m; sourceTree = "<group>"; };
		9B91BCB01CBB3EF000D3EFA5 /* AppDelegate.h */ = {isa = PBXFileReference; lastKnownFileType = sourcecode.c.h; path = AppDelegate.h; sourceTree = "<group>"; };
		9B91BCB11CBB3EF000D3EFA5 /* AppDelegate.m */ = {isa = PBXFileReference; lastKnownFileType = sourcecode.c.objc; path = AppDelegate.m; sourceTree = "<group>"; };
		9B91BCB31CBB3EF000D3EFA5 /* ViewController.h */ = {isa = PBXFileReference; lastKnownFileType = sourcecode.c.h; path = ViewController.h; sourceTree = "<group>"; };
		9B91BCB41CBB3EF000D3EFA5 /* ViewController.m */ = {isa = PBXFileReference; lastKnownFileType = sourcecode.c.objc; path = ViewController.m; sourceTree = "<group>"; };
		9B91BCB71CBB3EF000D3EFA5 /* Base */ = {isa = PBXFileReference; lastKnownFileType = file.storyboard; name = Base; path = Base.lproj/Main.storyboard; sourceTree = "<group>"; };
		9B91BCB91CBB3EF000D3EFA5 /* Assets.xcassets */ = {isa = PBXFileReference; lastKnownFileType = folder.assetcatalog; path = Assets.xcassets; sourceTree = "<group>"; };
		9B91BCBC1CBB3EF000D3EFA5 /* Base */ = {isa = PBXFileReference; lastKnownFileType = file.storyboard; name = Base; path = Base.lproj/LaunchScreen.storyboard; sourceTree = "<group>"; };
		9B91BCBE1CBB3EF000D3EFA5 /* Info.plist */ = {isa = PBXFileReference; lastKnownFileType = text.plist.xml; path = Info.plist; sourceTree = "<group>"; };
		9B91BCC31CBB3EF000D3EFA5 /* MessageForwardingTests.xctest */ = {isa = PBXFileReference; explicitFileType = wrapper.cfbundle; includeInIndex = 0; path = MessageForwardingTests.xctest; sourceTree = BUILT_PRODUCTS_DIR; };
		9B91BCC71CBB3EF100D3EFA5 /* MessageForwardingTests.m */ = {isa = PBXFileReference; lastKnownFileType = sourcecode.c.objc; path = MessageForwardingTests.m; sourceTree = "<group>"; };
		9B91BCC91CBB3EF100D3EFA5 /* Info.plist */ = {isa = PBXFileReference; lastKnownFileType = text.plist.xml; path = Info.plist; sourceTree = "<group>"; };
		9B91BCD21CBB3EFF00D3EFA5 /* People.h */ = {isa = PBXFileReference; fileEncoding = 4; lastKnownFileType = sourcecode.c.h; path = People.h; sourceTree = "<group>"; };
		9B91BCD31CBB3EFF00D3EFA5 /* People.m */ = {isa = PBXFileReference; fileEncoding = 4; lastKnownFileType = sourcecode.c.objc; path = People.m; sourceTree = "<group>"; };
		9B91BCD81CBB405200D3EFA5 /* Child.h */ = {isa = PBXFileReference; fileEncoding = 4; lastKnownFileType = sourcecode.c.h; path = Child.h; sourceTree = "<group>"; };
		9B91BCD91CBB405200D3EFA5 /* Child.m */ = {isa = PBXFileReference; fileEncoding = 4; lastKnownFileType = sourcecode.c.objc; path = Child.m; sourceTree = "<group>"; };
		9B91BCDB1CBB457000D3EFA5 /* Parent.h */ = {isa = PBXFileReference; fileEncoding = 4; lastKnownFileType = sourcecode.c.h; path = Parent.h; sourceTree = "<group>"; };
		9B91BCDC1CBB457000D3EFA5 /* Parent.m */ = {isa = PBXFileReference; fileEncoding = 4; lastKnownFileType = sourcecode.c.objc; path = Parent.m; sourceTree = "<group>"; };
/* End PBXFileReference section */

/* Begin PBXFrameworksBuildPhase section */
		9B91BCA71CBB3EF000D3EFA5 /* Frameworks */ = {
			isa = PBXFrameworksBuildPhase;
			buildActionMask = 2147483647;
			files = (
			);
			runOnlyForDeploymentPostprocessing = 0;
		};
		9B91BCC01CBB3EF000D3EFA5 /* Frameworks */ = {
			isa = PBXFrameworksBuildPhase;
			buildActionMask = 2147483647;
			files = (
			);
			runOnlyForDeploymentPostprocessing = 0;
		};
/* End PBXFrameworksBuildPhase section */

/* Begin PBXGroup section */
		9B91BCA11CBB3EF000D3EFA5 = {
			isa = PBXGroup;
			children = (
				9B91BCAC1CBB3EF000D3EFA5 /* MessageForwarding */,
				9B91BCC61CBB3EF000D3EFA5 /* MessageForwardingTests */,
				9B91BCAB1CBB3EF000D3EFA5 /* Products */,
			);
			sourceTree = "<group>";
		};
		9B91BCAB1CBB3EF000D3EFA5 /* Products */ = {
			isa = PBXGroup;
			children = (
				9B91BCAA1CBB3EF000D3EFA5 /* MessageForwarding.app */,
				9B91BCC31CBB3EF000D3EFA5 /* MessageForwardingTests.xctest */,
			);
			name = Products;
			sourceTree = "<group>";
		};
		9B91BCAC1CBB3EF000D3EFA5 /* MessageForwarding */ = {
			isa = PBXGroup;
			children = (
				9B91BCB01CBB3EF000D3EFA5 /* AppDelegate.h */,
				9B91BCB11CBB3EF000D3EFA5 /* AppDelegate.m */,
				9B91BCB31CBB3EF000D3EFA5 /* ViewController.h */,
				9B91BCB41CBB3EF000D3EFA5 /* ViewController.m */,
				9B91BCD21CBB3EFF00D3EFA5 /* People.h */,
				9B91BCD31CBB3EFF00D3EFA5 /* People.m */,
				9B91BCD81CBB405200D3EFA5 /* Child.h */,
				9B91BCD91CBB405200D3EFA5 /* Child.m */,
				9B91BCDB1CBB457000D3EFA5 /* Parent.h */,
				9B91BCDC1CBB457000D3EFA5 /* Parent.m */,
				9B91BCB61CBB3EF000D3EFA5 /* Main.storyboard */,
				9B91BCB91CBB3EF000D3EFA5 /* Assets.xcassets */,
				9B91BCBB1CBB3EF000D3EFA5 /* LaunchScreen.storyboard */,
				9B91BCBE1CBB3EF000D3EFA5 /* Info.plist */,
				9B91BCAD1CBB3EF000D3EFA5 /* Supporting Files */,
			);
			path = MessageForwarding;
			sourceTree = "<group>";
		};
		9B91BCAD1CBB3EF000D3EFA5 /* Supporting Files */ = {
			isa = PBXGroup;
			children = (
				9B91BCAE1CBB3EF000D3EFA5 /* main.m */,
			);
			name = "Supporting Files";
			sourceTree = "<group>";
		};
		9B91BCC61CBB3EF000D3EFA5 /* MessageForwardingTests */ = {
			isa = PBXGroup;
			children = (
				9B91BCC71CBB3EF100D3EFA5 /* MessageForwardingTests.m */,
				9B91BCC91CBB3EF100D3EFA5 /* Info.plist */,
			);
			path = MessageForwardingTests;
			sourceTree = "<group>";
		};
/* End PBXGroup section */

/* Begin PBXNativeTarget section */
		9B91BCA91CBB3EF000D3EFA5 /* MessageForwarding */ = {
			isa = PBXNativeTarget;
			buildConfigurationList = 9B91BCCC1CBB3EF100D3EFA5 /* Build configuration list for PBXNativeTarget "MessageForwarding" */;
			buildPhases = (
				9B91BCA61CBB3EF000D3EFA5 /* Sources */,
				9B91BCA71CBB3EF000D3EFA5 /* Frameworks */,
				9B91BCA81CBB3EF000D3EFA5 /* Resources */,
			);
			buildRules = (
			);
			dependencies = (
			);
			name = MessageForwarding;
			productName = MessageForwarding;
			productReference = 9B91BCAA1CBB3EF000D3EFA5 /* MessageForwarding.app */;
			productType = "com.apple.product-type.application";
		};
		9B91BCC21CBB3EF000D3EFA5 /* MessageForwardingTests */ = {
			isa = PBXNativeTarget;
			buildConfigurationList = 9B91BCCF1CBB3EF100D3EFA5 /* Build configuration list for PBXNativeTarget "MessageForwardingTests" */;
			buildPhases = (
				9B91BCBF1CBB3EF000D3EFA5 /* Sources */,
				9B91BCC01CBB3EF000D3EFA5 /* Frameworks */,
				9B91BCC11CBB3EF000D3EFA5 /* Resources */,
			);
			buildRules = (
			);
			dependencies = (
				9B91BCC51CBB3EF000D3EFA5 /* PBXTargetDependency */,
			);
			name = MessageForwardingTests;
			productName = MessageForwardingTests;
			productReference = 9B91BCC31CBB3EF000D3EFA5 /* MessageForwardingTests.xctest */;
			productType = "com.apple.product-type.bundle.unit-test";
		};
/* End PBXNativeTarget section */

/* Begin PBXProject section */
		9B91BCA21CBB3EF000D3EFA5 /* Project object */ = {
			isa = PBXProject;
			attributes = {
				LastUpgradeCheck = 0720;
				ORGANIZATIONNAME = wanglei;
				TargetAttributes = {
					9B91BCA91CBB3EF000D3EFA5 = {
						CreatedOnToolsVersion = 7.2.1;
					};
					9B91BCC21CBB3EF000D3EFA5 = {
						CreatedOnToolsVersion = 7.2.1;
						TestTargetID = 9B91BCA91CBB3EF000D3EFA5;
					};
				};
			};
			buildConfigurationList = 9B91BCA51CBB3EF000D3EFA5 /* Build configuration list for PBXProject "MessageForwarding" */;
			compatibilityVersion = "Xcode 3.2";
			developmentRegion = English;
			hasScannedForEncodings = 0;
			knownRegions = (
				en,
				Base,
			);
			mainGroup = 9B91BCA11CBB3EF000D3EFA5;
			productRefGroup = 9B91BCAB1CBB3EF000D3EFA5 /* Products */;
			projectDirPath = "";
			projectRoot = "";
			targets = (
				9B91BCA91CBB3EF000D3EFA5 /* MessageForwarding */,
				9B91BCC21CBB3EF000D3EFA5 /* MessageForwardingTests */,
			);
		};
/* End PBXProject section */

/* Begin PBXResourcesBuildPhase section */
		9B91BCA81CBB3EF000D3EFA5 /* Resources */ = {
			isa = PBXResourcesBuildPhase;
			buildActionMask = 2147483647;
			files = (
				9B91BCBD1CBB3EF000D3EFA5 /* LaunchScreen.storyboard in Resources */,
				9B91BCBA1CBB3EF000D3EFA5 /* Assets.xcassets in Resources */,
				9B91BCB81CBB3EF000D3EFA5 /* Main.storyboard in Resources */,
			);
			runOnlyForDeploymentPostprocessing = 0;
		};
		9B91BCC11CBB3EF000D3EFA5 /* Resources */ = {
			isa = PBXResourcesBuildPhase;
			buildActionMask = 2147483647;
			files = (
			);
			runOnlyForDeploymentPostprocessing = 0;
		};
/* End PBXResourcesBuildPhase section */

/* Begin PBXSourcesBuildPhase section */
		9B91BCA61CBB3EF000D3EFA5 /* Sources */ = {
			isa = PBXSourcesBuildPhase;
			buildActionMask = 2147483647;
			files = (
				9B91BCDA1CBB405200D3EFA5 /* Child.m in Sources */,
				9B91BCD41CBB3EFF00D3EFA5 /* People.m in Sources */,
				9B91BCB51CBB3EF000D3EFA5 /* ViewController.m in Sources */,
				9B91BCB21CBB3EF000D3EFA5 /* AppDelegate.m in Sources */,
				9B91BCAF1CBB3EF000D3EFA5 /* main.m in Sources */,
				9B91BCDD1CBB457000D3EFA5 /* Parent.m in Sources */,
			);
			runOnlyForDeploymentPostprocessing = 0;
		};
		9B91BCBF1CBB3EF000D3EFA5 /* Sources */ = {
			isa = PBXSourcesBuildPhase;
			buildActionMask = 2147483647;
			files = (
				9B91BCC81CBB3EF100D3EFA5 /* MessageForwardingTests.m in Sources */,
			);
			runOnlyForDeploymentPostprocessing = 0;
		};
/* End PBXSourcesBuildPhase section */

/* Begin PBXTargetDependency section */
		9B91BCC51CBB3EF000D3EFA5 /* PBXTargetDependency */ = {
			isa = PBXTargetDependency;
			target = 9B91BCA91CBB3EF000D3EFA5 /* MessageForwarding */;
			targetProxy = 9B91BCC41CBB3EF000D3EFA5 /* PBXContainerItemProxy */;
		};
/* End PBXTargetDependency section */

/* Begin PBXVariantGroup section */
		9B91BCB61CBB3EF000D3EFA5 /* Main.storyboard */ = {
			isa = PBXVariantGroup;
			children = (
				9B91BCB71CBB3EF000D3EFA5 /* Base */,
			);
			name = Main.storyboard;
			sourceTree = "<group>";
		};
		9B91BCBB1CBB3EF000D3EFA5 /* LaunchScreen.storyboard */ = {
			isa = PBXVariantGroup;
			children = (
				9B91BCBC1CBB3EF000D3EFA5 /* Base */,
			);
			name = LaunchScreen.storyboard;
			sourceTree = "<group>";
		};
/* End PBXVariantGroup section */

/* Begin XCBuildConfiguration section */
		9B91BCCA1CBB3EF100D3EFA5 /* Debug */ = {
			isa = XCBuildConfiguration;
			buildSettings = {
				ALWAYS_SEARCH_USER_PATHS = NO;
				CLANG_CXX_LANGUAGE_STANDARD = "gnu++0x";
				CLANG_CXX_LIBRARY = "libc++";
				CLANG_ENABLE_MODULES = YES;
				CLANG_ENABLE_OBJC_ARC = YES;
				CLANG_WARN_BOOL_CONVERSION = YES;
				CLANG_WARN_CONSTANT_CONVERSION = YES;
				CLANG_WARN_DIRECT_OBJC_ISA_USAGE = YES_ERROR;
				CLANG_WARN_EMPTY_BODY = YES;
				CLANG_WARN_ENUM_CONVERSION = YES;
				CLANG_WARN_INT_CONVERSION = YES;
				CLANG_WARN_OBJC_ROOT_CLASS = YES_ERROR;
				CLANG_WARN_UNREACHABLE_CODE = YES;
				CLANG_WARN__DUPLICATE_METHOD_MATCH = YES;
				"CODE_SIGN_IDENTITY[sdk=iphoneos*]" = "iPhone Developer";
				COPY_PHASE_STRIP = NO;
				DEBUG_INFORMATION_FORMAT = dwarf;
				ENABLE_STRICT_OBJC_MSGSEND = YES;
				ENABLE_TESTABILITY = YES;
				GCC_C_LANGUAGE_STANDARD = gnu99;
				GCC_DYNAMIC_NO_PIC = NO;
				GCC_NO_COMMON_BLOCKS = YES;
				GCC_OPTIMIZATION_LEVEL = 0;
				GCC_PREPROCESSOR_DEFINITIONS = (
					"DEBUG=1",
					"$(inherited)",
				);
				GCC_WARN_64_TO_32_BIT_CONVERSION = YES;
				GCC_WARN_ABOUT_RETURN_TYPE = YES_ERROR;
				GCC_WARN_UNDECLARED_SELECTOR = YES;
				GCC_WARN_UNINITIALIZED_AUTOS = YES_AGGRESSIVE;
				GCC_WARN_UNUSED_FUNCTION = YES;
				GCC_WARN_UNUSED_VARIABLE = YES;
				IPHONEOS_DEPLOYMENT_TARGET = 9.2;
				MTL_ENABLE_DEBUG_INFO = YES;
				ONLY_ACTIVE_ARCH = YES;
				SDKROOT = iphoneos;
			};
			name = Debug;
		};
		9B91BCCB1CBB3EF100D3EFA5 /* Release */ = {
			isa = XCBuildConfiguration;
			buildSettings = {
				ALWAYS_SEARCH_USER_PATHS = NO;
				CLANG_CXX_LANGUAGE_STANDARD = "gnu++0x";
				CLANG_CXX_LIBRARY = "libc++";
				CLANG_ENABLE_MODULES = YES;
				CLANG_ENABLE_OBJC_ARC = YES;
				CLANG_WARN_BOOL_CONVERSION = YES;
				CLANG_WARN_CONSTANT_CONVERSION = YES;
				CLANG_WARN_DIRECT_OBJC_ISA_USAGE = YES_ERROR;
				CLANG_WARN_EMPTY_BODY = YES;
				CLANG_WARN_ENUM_CONVERSION = YES;
				CLANG_WARN_INT_CONVERSION = YES;
				CLANG_WARN_OBJC_ROOT_CLASS = YES_ERROR;
				CLANG_WARN_UNREACHABLE_CODE = YES;
				CLANG_WARN__DUPLICATE_METHOD_MATCH = YES;
				"CODE_SIGN_IDENTITY[sdk=iphoneos*]" = "iPhone Developer";
				COPY_PHASE_STRIP = NO;
				DEBUG_INFORMATION_FORMAT = "dwarf-with-dsym";
				ENABLE_NS_ASSERTIONS = NO;
				ENABLE_STRICT_OBJC_MSGSEND = YES;
				GCC_C_LANGUAGE_STANDARD = gnu99;
				GCC_NO_COMMON_BLOCKS = YES;
				GCC_WARN_64_TO_32_BIT_CONVERSION = YES;
				GCC_WARN_ABOUT_RETURN_TYPE = YES_ERROR;
				GCC_WARN_UNDECLARED_SELECTOR = YES;
				GCC_WARN_UNINITIALIZED_AUTOS = YES_AGGRESSIVE;
				GCC_WARN_UNUSED_FUNCTION = YES;
				GCC_WARN_UNUSED_VARIABLE = YES;
				IPHONEOS_DEPLOYMENT_TARGET = 9.2;
				MTL_ENABLE_DEBUG_INFO = NO;
				SDKROOT = iphoneos;
				VALIDATE_PRODUCT = YES;
			};
			name = Release;
		};
		9B91BCCD1CBB3EF100D3EFA5 /* Debug */ = {
			isa = XCBuildConfiguration;
			buildSettings = {
				ASSETCATALOG_COMPILER_APPICON_NAME = AppIcon;
				INFOPLIST_FILE = MessageForwarding/Info.plist;
				LD_RUNPATH_SEARCH_PATHS = "$(inherited) @executable_path/Frameworks";
				PRODUCT_BUNDLE_IDENTIFIER = com.raywenderlich.MessageForwarding;
				PRODUCT_NAME = "$(TARGET_NAME)";
			};
			name = Debug;
		};
		9B91BCCE1CBB3EF100D3EFA5 /* Release */ = {
			isa = XCBuildConfiguration;
			buildSettings = {
				ASSETCATALOG_COMPILER_APPICON_NAME = AppIcon;
				INFOPLIST_FILE = MessageForwarding/Info.plist;
				LD_RUNPATH_SEARCH_PATHS = "$(inherited) @executable_path/Frameworks";
				PRODUCT_BUNDLE_IDENTIFIER = com.raywenderlich.MessageForwarding;
				PRODUCT_NAME = "$(TARGET_NAME)";
			};
			name = Release;
		};
		9B91BCD01CBB3EF100D3EFA5 /* Debug */ = {
			isa = XCBuildConfiguration;
			buildSettings = {
				BUNDLE_LOADER = "$(TEST_HOST)";
				INFOPLIST_FILE = MessageForwardingTests/Info.plist;
				LD_RUNPATH_SEARCH_PATHS = "$(inherited) @executable_path/Frameworks @loader_path/Frameworks";
				PRODUCT_BUNDLE_IDENTIFIER = com.raywenderlich.MessageForwardingTests;
				PRODUCT_NAME = "$(TARGET_NAME)";
				TEST_HOST = "$(BUILT_PRODUCTS_DIR)/MessageForwarding.app/MessageForwarding";
			};
			name = Debug;
		};
		9B91BCD11CBB3EF100D3EFA5 /* Release */ = {
			isa = XCBuildConfiguration;
			buildSettings = {
				BUNDLE_LOADER = "$(TEST_HOST)";
				INFOPLIST_FILE = MessageForwardingTests/Info.plist;
				LD_RUNPATH_SEARCH_PATHS = "$(inherited) @executable_path/Frameworks @loader_path/Frameworks";
				PRODUCT_BUNDLE_IDENTIFIER = com.raywenderlich.MessageForwardingTests;
				PRODUCT_NAME = "$(TARGET_NAME)";
				TEST_HOST = "$(BUILT_PRODUCTS_DIR)/MessageForwarding.app/MessageForwarding";
			};
			name = Release;
		};
/* End XCBuildConfiguration section */

/* Begin XCConfigurationList section */
		9B91BCA51CBB3EF000D3EFA5 /* Build configuration list for PBXProject "MessageForwarding" */ = {
			isa = XCConfigurationList;
			buildConfigurations = (
				9B91BCCA1CBB3EF100D3EFA5 /* Debug */,
				9B91BCCB1CBB3EF100D3EFA5 /* Release */,
			);
			defaultConfigurationIsVisible = 0;
			defaultConfigurationName = Release;
		};
		9B91BCCC1CBB3EF100D3EFA5 /* Build configuration list for PBXNativeTarget "MessageForwarding" */ = {
			isa = XCConfigurationList;
			buildConfigurations = (
				9B91BCCD1CBB3EF100D3EFA5 /* Debug */,
				9B91BCCE1CBB3EF100D3EFA5 /* Release */,
			);
			defaultConfigurationIsVisible = 0;
		};
		9B91BCCF1CBB3EF100D3EFA5 /* Build configuration list for PBXNativeTarget "MessageForwardingTests" */ = {
			isa = XCConfigurationList;
			buildConfigurations = (
				9B91BCD01CBB3EF100D3EFA5 /* Debug */,
				9B91BCD11CBB3EF100D3EFA5 /* Release */,
			);
			defaultConfigurationIsVisible = 0;
		};
/* End XCConfigurationList section */
	};
	rootObject = 9B91BCA21CBB3EF000D3EFA5 /* Project object */;
}
